// !$*UTF8*$!
{
	archiveVersion = 1;
	classes = {
	};
	objectVersion = 46;
	objects = {

/* Begin PBXBuildFile section */
		260812E71C9062090079ABC8 /* UINavigationBar+Addition.m in Sources */ = {isa = PBXBuildFile; fileRef = 260812E61C9062090079ABC8 /* UINavigationBar+Addition.m */; };
		260812EA1C9062850079ABC8 /* UIImage+Utility.m in Sources */ = {isa = PBXBuildFile; fileRef = 260812E91C9062850079ABC8 /* UIImage+Utility.m */; };
		26172F4E1BD7E99500D7A91F /* main.m in Sources */ = {isa = PBXBuildFile; fileRef = 26172F4D1BD7E99500D7A91F /* main.m */; };
		26172F511BD7E99500D7A91F /* AppDelegate.m in Sources */ = {isa = PBXBuildFile; fileRef = 26172F501BD7E99500D7A91F /* AppDelegate.m */; };
		26172F571BD7E99500D7A91F /* Main.storyboard in Resources */ = {isa = PBXBuildFile; fileRef = 26172F551BD7E99500D7A91F /* Main.storyboard */; };
		26172F591BD7E99500D7A91F /* Assets.xcassets in Resources */ = {isa = PBXBuildFile; fileRef = 26172F581BD7E99500D7A91F /* Assets.xcassets */; };
		26172F5C1BD7E99500D7A91F /* LaunchScreen.storyboard in Resources */ = {isa = PBXBuildFile; fileRef = 26172F5A1BD7E99500D7A91F /* LaunchScreen.storyboard */; };
		26172F671BD7E99500D7A91F /* HJAppHelperTests.m in Sources */ = {isa = PBXBuildFile; fileRef = 26172F661BD7E99500D7A91F /* HJAppHelperTests.m */; };
		26172F721BD7E99500D7A91F /* HJAppHelperUITests.m in Sources */ = {isa = PBXBuildFile; fileRef = 26172F711BD7E99500D7A91F /* HJAppHelperUITests.m */; };
		2637BF851D21FA2E004C0AA9 /* HJPlainFlowLayout.m in Sources */ = {isa = PBXBuildFile; fileRef = 2637BF841D21FA2E004C0AA9 /* HJPlainFlowLayout.m */; };
		265CF5BE1CEF3F79005338AD /* TTTAttributedLabel.m in Sources */ = {isa = PBXBuildFile; fileRef = 265CF5BD1CEF3F79005338AD /* TTTAttributedLabel.m */; };
		26A5F32F1C239B5B009F614D /* AddressBook.framework in Frameworks */ = {isa = PBXBuildFile; fileRef = 26A5F32D1C239B5B009F614D /* AddressBook.framework */; };
		26A5F3301C239B5B009F614D /* AddressBookUI.framework in Frameworks */ = {isa = PBXBuildFile; fileRef = 26A5F32E1C239B5B009F614D /* AddressBookUI.framework */; };
		26A634241C9799C000924952 /* UITableView+Helper.m in Sources */ = {isa = PBXBuildFile; fileRef = 26A634231C9799C000924952 /* UITableView+Helper.m */; };
		26A6342B1C979AAF00924952 /* NSMutableArray+SafeArray.m in Sources */ = {isa = PBXBuildFile; fileRef = 26A6342A1C979AAF00924952 /* NSMutableArray+SafeArray.m */; };
		26A6342F1C979B7400924952 /* NSObject+ResolveTimestamp.m in Sources */ = {isa = PBXBuildFile; fileRef = 26A6342E1C979B7400924952 /* NSObject+ResolveTimestamp.m */; };
		26A6344D1C97E3A400924952 /* HJDateTool.m in Sources */ = {isa = PBXBuildFile; fileRef = 26A634371C97E3A400924952 /* HJDateTool.m */; };
		26A6344F1C97E3A400924952 /* GTMBase64.m in Sources */ = {isa = PBXBuildFile; fileRef = 26A6343D1C97E3A400924952 /* GTMBase64.m */; };
		26A634501C97E3A400924952 /* HJEncryptHelpers.m in Sources */ = {isa = PBXBuildFile; fileRef = 26A634401C97E3A400924952 /* HJEncryptHelpers.m */; };
		26A634511C97E3A400924952 /* README.md in Sources */ = {isa = PBXBuildFile; fileRef = 26A634411C97E3A400924952 /* README.md */; };
		26A634521C97E3A400924952 /* HJVerifyManager.m in Sources */ = {isa = PBXBuildFile; fileRef = 26A634441C97E3A400924952 /* HJVerifyManager.m */; };
		26A634531C97E3A400924952 /* HJImageColorTool.m in Sources */ = {isa = PBXBuildFile; fileRef = 26A634471C97E3A400924952 /* HJImageColorTool.m */; };
		26A634541C97E3A400924952 /* HJAddressBookManager.m in Sources */ = {isa = PBXBuildFile; fileRef = 26A6344A1C97E3A400924952 /* HJAddressBookManager.m */; };
		26A634551C97E3A400924952 /* HJAddressBookModel.m in Sources */ = {isa = PBXBuildFile; fileRef = 26A6344C1C97E3A400924952 /* HJAddressBookModel.m */; };
		26C2F36A1CE0EBF500486989 /* NSDate+Utilities.m in Sources */ = {isa = PBXBuildFile; fileRef = 26C2F3691CE0EBF500486989 /* NSDate+Utilities.m */; };
		26C2F36D1CE0F71300486989 /* NSDate+Helper.m in Sources */ = {isa = PBXBuildFile; fileRef = 26C2F36C1CE0F71300486989 /* NSDate+Helper.m */; };
		32AD6F7F398252E0E6AF52BC /* libPods-HJAppHelper.a in Frameworks */ = {isa = PBXBuildFile; fileRef = 5131C19C64EB784DAB2839BB /* libPods-HJAppHelper.a */; };
		A81E09411E558C9100082D32 /* NSObject+RuntimeHelper.m in Sources */ = {isa = PBXBuildFile; fileRef = A81E09401E558C9100082D32 /* NSObject+RuntimeHelper.m */; };
		A82571491F0231C1006CBEFA /* HJ_NetworkHelperViewController.m in Sources */ = {isa = PBXBuildFile; fileRef = A82571451F0231C1006CBEFA /* HJ_NetworkHelperViewController.m */; };
		A825714A1F0231C1006CBEFA /* HJ_KeyChainManagerViewController.m in Sources */ = {isa = PBXBuildFile; fileRef = A82571481F0231C1006CBEFA /* HJ_KeyChainManagerViewController.m */; };
		A825714E1F02324C006CBEFA /* HJ_AddressBookViewController.m in Sources */ = {isa = PBXBuildFile; fileRef = A825714D1F02324C006CBEFA /* HJ_AddressBookViewController.m */; };
		A82571511F023314006CBEFA /* HJ_AddressBookCell.m in Sources */ = {isa = PBXBuildFile; fileRef = A82571501F023314006CBEFA /* HJ_AddressBookCell.m */; };
		A82571551F024A58006CBEFA /* HJ_ValidateViewController.m in Sources */ = {isa = PBXBuildFile; fileRef = A82571541F024A58006CBEFA /* HJ_ValidateViewController.m */; };
		A83B9D2F1EA74CF300D0DC31 /* HJ_KeyChainManager.m in Sources */ = {isa = PBXBuildFile; fileRef = A83B9D2E1EA74CF300D0DC31 /* HJ_KeyChainManager.m */; };
		A83CB01A22A4AC07007E1D2B /* HJ_WatermarkManager.m in Sources */ = {isa = PBXBuildFile; fileRef = A83CB01922A4AC07007E1D2B /* HJ_WatermarkManager.m */; };
		A87B89221DDD540600F4DC22 /* HJGCDManager.m in Sources */ = {isa = PBXBuildFile; fileRef = A87B89211DDD540600F4DC22 /* HJGCDManager.m */; };
		A89542551DBDE1DB006AA824 /* IosAudioController.m in Sources */ = {isa = PBXBuildFile; fileRef = A89542541DBDE1DB006AA824 /* IosAudioController.m */; };
		A89BC1011DB0B16E0088660A /* XLTextField.m in Sources */ = {isa = PBXBuildFile; fileRef = A89BC1001DB0B16E0088660A /* XLTextField.m */; };
		A8ADE5C2207CA6A600C8B3AE /* HJ_GCDAnalysisViewController.m in Sources */ = {isa = PBXBuildFile; fileRef = A8ADE5C1207CA6A600C8B3AE /* HJ_GCDAnalysisViewController.m */; };
		A8B13F7C1E9E17DF000AEC16 /* First.storyboard in Resources */ = {isa = PBXBuildFile; fileRef = A8B13F7B1E9E17DF000AEC16 /* First.storyboard */; };
		A8B13F831E9E1A5A000AEC16 /* HJ_PublicTableViewCell.m in Sources */ = {isa = PBXBuildFile; fileRef = A8B13F821E9E1A5A000AEC16 /* HJ_PublicTableViewCell.m */; };
		A8C757C21DAA1201001BB31A /* HJFileManager.m in Sources */ = {isa = PBXBuildFile; fileRef = A8C757C11DAA1201001BB31A /* HJFileManager.m */; };
		A8C9BDC71DAA39AA007D8D71 /* github精美UI介绍.strings in Resources */ = {isa = PBXBuildFile; fileRef = A8C9BDC61DAA39AA007D8D71 /* github精美UI介绍.strings */; };
		A8E0E4881E9B869E00F16E7C /* HJDownloadManager.m in Sources */ = {isa = PBXBuildFile; fileRef = A8E0E4841E9B869E00F16E7C /* HJDownloadManager.m */; };
		A8E0E4891E9B869E00F16E7C /* HJNetWorkStateHelper.m in Sources */ = {isa = PBXBuildFile; fileRef = A8E0E4871E9B869E00F16E7C /* HJNetWorkStateHelper.m */; };
		A8E0E48F1E9B894C00F16E7C /* HJNetworkCache.m in Sources */ = {isa = PBXBuildFile; fileRef = A8E0E48C1E9B894C00F16E7C /* HJNetworkCache.m */; };
		A8E0E4901E9B894C00F16E7C /* HJNetworkHelper.m in Sources */ = {isa = PBXBuildFile; fileRef = A8E0E48E1E9B894C00F16E7C /* HJNetworkHelper.m */; };
		A8E0E49A1E9B8D2300F16E7C /* HJ_BaseViewController.m in Sources */ = {isa = PBXBuildFile; fileRef = A8E0E4991E9B8D2300F16E7C /* HJ_BaseViewController.m */; };
		A8E0E49D1E9B8D4400F16E7C /* HJ_FirstViewController.m in Sources */ = {isa = PBXBuildFile; fileRef = A8E0E49C1E9B8D4400F16E7C /* HJ_FirstViewController.m */; };
		A8E0E4A01E9B8D4E00F16E7C /* HJ_SecondViewController.m in Sources */ = {isa = PBXBuildFile; fileRef = A8E0E49F1E9B8D4E00F16E7C /* HJ_SecondViewController.m */; };
		A8E0E4A31E9B8DDA00F16E7C /* HJ_BaseTabBarController.m in Sources */ = {isa = PBXBuildFile; fileRef = A8E0E4A21E9B8DDA00F16E7C /* HJ_BaseTabBarController.m */; };
/* End PBXBuildFile section */

/* Begin PBXContainerItemProxy section */
		26172F631BD7E99500D7A91F /* PBXContainerItemProxy */ = {
			isa = PBXContainerItemProxy;
			containerPortal = 26172F411BD7E99500D7A91F /* Project object */;
			proxyType = 1;
			remoteGlobalIDString = 26172F481BD7E99500D7A91F;
			remoteInfo = HJAppHelper;
		};
		26172F6E1BD7E99500D7A91F /* PBXContainerItemProxy */ = {
			isa = PBXContainerItemProxy;
			containerPortal = 26172F411BD7E99500D7A91F /* Project object */;
			proxyType = 1;
			remoteGlobalIDString = 26172F481BD7E99500D7A91F;
			remoteInfo = HJAppHelper;
		};
/* End PBXContainerItemProxy section */

/* Begin PBXFileReference section */
		260812E51C9062090079ABC8 /* UINavigationBar+Addition.h */ = {isa = PBXFileReference; fileEncoding = 4; lastKnownFileType = sourcecode.c.h; path = "UINavigationBar+Addition.h"; sourceTree = "<group>"; };
		260812E61C9062090079ABC8 /* UINavigationBar+Addition.m */ = {isa = PBXFileReference; fileEncoding = 4; lastKnownFileType = sourcecode.c.objc; path = "UINavigationBar+Addition.m"; sourceTree = "<group>"; };
		260812E81C9062850079ABC8 /* UIImage+Utility.h */ = {isa = PBXFileReference; fileEncoding = 4; lastKnownFileType = sourcecode.c.h; path = "UIImage+Utility.h"; sourceTree = "<group>"; };
		260812E91C9062850079ABC8 /* UIImage+Utility.m */ = {isa = PBXFileReference; fileEncoding = 4; lastKnownFileType = sourcecode.c.objc; path = "UIImage+Utility.m"; sourceTree = "<group>"; };
		2611ACD61CDCFB0F007E8744 /* PrefixHeader.pch */ = {isa = PBXFileReference; lastKnownFileType = sourcecode.c.h; path = PrefixHeader.pch; sourceTree = "<group>"; };
		26172F491BD7E99500D7A91F /* HJAppHelper.app */ = {isa = PBXFileReference; explicitFileType = wrapper.application; includeInIndex = 0; path = HJAppHelper.app; sourceTree = BUILT_PRODUCTS_DIR; };
		26172F4D1BD7E99500D7A91F /* main.m */ = {isa = PBXFileReference; lastKnownFileType = sourcecode.c.objc; path = main.m; sourceTree = "<group>"; };
		26172F4F1BD7E99500D7A91F /* AppDelegate.h */ = {isa = PBXFileReference; lastKnownFileType = sourcecode.c.h; path = AppDelegate.h; sourceTree = "<group>"; };
		26172F501BD7E99500D7A91F /* AppDelegate.m */ = {isa = PBXFileReference; lastKnownFileType = sourcecode.c.objc; path = AppDelegate.m; sourceTree = "<group>"; };
		26172F561BD7E99500D7A91F /* Base */ = {isa = PBXFileReference; lastKnownFileType = file.storyboard; name = Base; path = Base.lproj/Main.storyboard; sourceTree = "<group>"; };
		26172F581BD7E99500D7A91F /* Assets.xcassets */ = {isa = PBXFileReference; lastKnownFileType = folder.assetcatalog; path = Assets.xcassets; sourceTree = "<group>"; };
		26172F5B1BD7E99500D7A91F /* Base */ = {isa = PBXFileReference; lastKnownFileType = file.storyboard; name = Base; path = Base.lproj/LaunchScreen.storyboard; sourceTree = "<group>"; };
		26172F5D1BD7E99500D7A91F /* Info.plist */ = {isa = PBXFileReference; lastKnownFileType = text.plist.xml; path = Info.plist; sourceTree = "<group>"; };
		26172F621BD7E99500D7A91F /* HJAppHelperTests.xctest */ = {isa = PBXFileReference; explicitFileType = wrapper.cfbundle; includeInIndex = 0; path = HJAppHelperTests.xctest; sourceTree = BUILT_PRODUCTS_DIR; };
		26172F661BD7E99500D7A91F /* HJAppHelperTests.m */ = {isa = PBXFileReference; lastKnownFileType = sourcecode.c.objc; path = HJAppHelperTests.m; sourceTree = "<group>"; };
		26172F681BD7E99500D7A91F /* Info.plist */ = {isa = PBXFileReference; lastKnownFileType = text.plist.xml; path = Info.plist; sourceTree = "<group>"; };
		26172F6D1BD7E99500D7A91F /* HJAppHelperUITests.xctest */ = {isa = PBXFileReference; explicitFileType = wrapper.cfbundle; includeInIndex = 0; path = HJAppHelperUITests.xctest; sourceTree = BUILT_PRODUCTS_DIR; };
		26172F711BD7E99500D7A91F /* HJAppHelperUITests.m */ = {isa = PBXFileReference; lastKnownFileType = sourcecode.c.objc; path = HJAppHelperUITests.m; sourceTree = "<group>"; };
		26172F731BD7E99500D7A91F /* Info.plist */ = {isa = PBXFileReference; lastKnownFileType = text.plist.xml; path = Info.plist; sourceTree = "<group>"; };
		2637BF831D21FA2E004C0AA9 /* HJPlainFlowLayout.h */ = {isa = PBXFileReference; fileEncoding = 4; lastKnownFileType = sourcecode.c.h; path = HJPlainFlowLayout.h; sourceTree = "<group>"; };
		2637BF841D21FA2E004C0AA9 /* HJPlainFlowLayout.m */ = {isa = PBXFileReference; fileEncoding = 4; lastKnownFileType = sourcecode.c.objc; path = HJPlainFlowLayout.m; sourceTree = "<group>"; };
		265CF5BC1CEF3F79005338AD /* TTTAttributedLabel.h */ = {isa = PBXFileReference; fileEncoding = 4; lastKnownFileType = sourcecode.c.h; path = TTTAttributedLabel.h; sourceTree = "<group>"; };
		265CF5BD1CEF3F79005338AD /* TTTAttributedLabel.m */ = {isa = PBXFileReference; fileEncoding = 4; lastKnownFileType = sourcecode.c.objc; path = TTTAttributedLabel.m; sourceTree = "<group>"; };
		26A5F32D1C239B5B009F614D /* AddressBook.framework */ = {isa = PBXFileReference; lastKnownFileType = wrapper.framework; name = AddressBook.framework; path = System/Library/Frameworks/AddressBook.framework; sourceTree = SDKROOT; };
		26A5F32E1C239B5B009F614D /* AddressBookUI.framework */ = {isa = PBXFileReference; lastKnownFileType = wrapper.framework; name = AddressBookUI.framework; path = System/Library/Frameworks/AddressBookUI.framework; sourceTree = SDKROOT; };
		26A634221C9799C000924952 /* UITableView+Helper.h */ = {isa = PBXFileReference; fileEncoding = 4; lastKnownFileType = sourcecode.c.h; path = "UITableView+Helper.h"; sourceTree = "<group>"; };
		26A634231C9799C000924952 /* UITableView+Helper.m */ = {isa = PBXFileReference; fileEncoding = 4; lastKnownFileType = sourcecode.c.objc; path = "UITableView+Helper.m"; sourceTree = "<group>"; };
		26A634291C979AAF00924952 /* NSMutableArray+SafeArray.h */ = {isa = PBXFileReference; fileEncoding = 4; lastKnownFileType = sourcecode.c.h; path = "NSMutableArray+SafeArray.h"; sourceTree = "<group>"; };
		26A6342A1C979AAF00924952 /* NSMutableArray+SafeArray.m */ = {isa = PBXFileReference; fileEncoding = 4; lastKnownFileType = sourcecode.c.objc; path = "NSMutableArray+SafeArray.m"; sourceTree = "<group>"; };
		26A6342D1C979B7400924952 /* NSObject+ResolveTimestamp.h */ = {isa = PBXFileReference; fileEncoding = 4; lastKnownFileType = sourcecode.c.h; path = "NSObject+ResolveTimestamp.h"; sourceTree = "<group>"; };
		26A6342E1C979B7400924952 /* NSObject+ResolveTimestamp.m */ = {isa = PBXFileReference; fileEncoding = 4; lastKnownFileType = sourcecode.c.objc; path = "NSObject+ResolveTimestamp.m"; sourceTree = "<group>"; };
		26A634361C97E3A400924952 /* HJDateTool.h */ = {isa = PBXFileReference; fileEncoding = 4; lastKnownFileType = sourcecode.c.h; path = HJDateTool.h; sourceTree = "<group>"; };
		26A634371C97E3A400924952 /* HJDateTool.m */ = {isa = PBXFileReference; fileEncoding = 4; lastKnownFileType = sourcecode.c.objc; path = HJDateTool.m; sourceTree = "<group>"; };
		26A6343C1C97E3A400924952 /* GTMBase64.h */ = {isa = PBXFileReference; fileEncoding = 4; lastKnownFileType = sourcecode.c.h; path = GTMBase64.h; sourceTree = "<group>"; };
		26A6343D1C97E3A400924952 /* GTMBase64.m */ = {isa = PBXFileReference; fileEncoding = 4; lastKnownFileType = sourcecode.c.objc; path = GTMBase64.m; sourceTree = "<group>"; };
		26A6343E1C97E3A400924952 /* GTMDefines.h */ = {isa = PBXFileReference; fileEncoding = 4; lastKnownFileType = sourcecode.c.h; path = GTMDefines.h; sourceTree = "<group>"; };
		26A6343F1C97E3A400924952 /* HJEncryptHelpers.h */ = {isa = PBXFileReference; fileEncoding = 4; lastKnownFileType = sourcecode.c.h; path = HJEncryptHelpers.h; sourceTree = "<group>"; };
		26A634401C97E3A400924952 /* HJEncryptHelpers.m */ = {isa = PBXFileReference; fileEncoding = 4; lastKnownFileType = sourcecode.c.objc; path = HJEncryptHelpers.m; sourceTree = "<group>"; };
		26A634411C97E3A400924952 /* README.md */ = {isa = PBXFileReference; fileEncoding = 4; lastKnownFileType = net.daringfireball.markdown; path = README.md; sourceTree = "<group>"; };
		26A634431C97E3A400924952 /* HJVerifyManager.h */ = {isa = PBXFileReference; fileEncoding = 4; lastKnownFileType = sourcecode.c.h; path = HJVerifyManager.h; sourceTree = "<group>"; };
		26A634441C97E3A400924952 /* HJVerifyManager.m */ = {isa = PBXFileReference; fileEncoding = 4; lastKnownFileType = sourcecode.c.objc; path = HJVerifyManager.m; sourceTree = "<group>"; };
		26A634461C97E3A400924952 /* HJImageColorTool.h */ = {isa = PBXFileReference; fileEncoding = 4; lastKnownFileType = sourcecode.c.h; path = HJImageColorTool.h; sourceTree = "<group>"; };
		26A634471C97E3A400924952 /* HJImageColorTool.m */ = {isa = PBXFileReference; fileEncoding = 4; lastKnownFileType = sourcecode.c.objc; path = HJImageColorTool.m; sourceTree = "<group>"; };
		26A634491C97E3A400924952 /* HJAddressBookManager.h */ = {isa = PBXFileReference; fileEncoding = 4; lastKnownFileType = sourcecode.c.h; path = HJAddressBookManager.h; sourceTree = "<group>"; };
		26A6344A1C97E3A400924952 /* HJAddressBookManager.m */ = {isa = PBXFileReference; fileEncoding = 4; lastKnownFileType = sourcecode.c.objc; path = HJAddressBookManager.m; sourceTree = "<group>"; };
		26A6344B1C97E3A400924952 /* HJAddressBookModel.h */ = {isa = PBXFileReference; fileEncoding = 4; lastKnownFileType = sourcecode.c.h; path = HJAddressBookModel.h; sourceTree = "<group>"; };
		26A6344C1C97E3A400924952 /* HJAddressBookModel.m */ = {isa = PBXFileReference; fileEncoding = 4; lastKnownFileType = sourcecode.c.objc; path = HJAddressBookModel.m; sourceTree = "<group>"; };
		26C2F3681CE0EBF500486989 /* NSDate+Utilities.h */ = {isa = PBXFileReference; fileEncoding = 4; lastKnownFileType = sourcecode.c.h; path = "NSDate+Utilities.h"; sourceTree = "<group>"; };
		26C2F3691CE0EBF500486989 /* NSDate+Utilities.m */ = {isa = PBXFileReference; fileEncoding = 4; lastKnownFileType = sourcecode.c.objc; path = "NSDate+Utilities.m"; sourceTree = "<group>"; };
		26C2F36B1CE0F71300486989 /* NSDate+Helper.h */ = {isa = PBXFileReference; fileEncoding = 4; lastKnownFileType = sourcecode.c.h; path = "NSDate+Helper.h"; sourceTree = "<group>"; };
		26C2F36C1CE0F71300486989 /* NSDate+Helper.m */ = {isa = PBXFileReference; fileEncoding = 4; lastKnownFileType = sourcecode.c.objc; path = "NSDate+Helper.m"; sourceTree = "<group>"; };
		5131C19C64EB784DAB2839BB /* libPods-HJAppHelper.a */ = {isa = PBXFileReference; explicitFileType = archive.ar; includeInIndex = 0; path = "libPods-HJAppHelper.a"; sourceTree = BUILT_PRODUCTS_DIR; };
		A81E093F1E558C9100082D32 /* NSObject+RuntimeHelper.h */ = {isa = PBXFileReference; fileEncoding = 4; lastKnownFileType = sourcecode.c.h; path = "NSObject+RuntimeHelper.h"; sourceTree = "<group>"; };
		A81E09401E558C9100082D32 /* NSObject+RuntimeHelper.m */ = {isa = PBXFileReference; fileEncoding = 4; lastKnownFileType = sourcecode.c.objc; path = "NSObject+RuntimeHelper.m"; sourceTree = "<group>"; };
		A82571441F0231C1006CBEFA /* HJ_NetworkHelperViewController.h */ = {isa = PBXFileReference; fileEncoding = 4; lastKnownFileType = sourcecode.c.h; path = HJ_NetworkHelperViewController.h; sourceTree = "<group>"; };
		A82571451F0231C1006CBEFA /* HJ_NetworkHelperViewController.m */ = {isa = PBXFileReference; fileEncoding = 4; lastKnownFileType = sourcecode.c.objc; path = HJ_NetworkHelperViewController.m; sourceTree = "<group>"; };
		A82571471F0231C1006CBEFA /* HJ_KeyChainManagerViewController.h */ = {isa = PBXFileReference; fileEncoding = 4; lastKnownFileType = sourcecode.c.h; path = HJ_KeyChainManagerViewController.h; sourceTree = "<group>"; };
		A82571481F0231C1006CBEFA /* HJ_KeyChainManagerViewController.m */ = {isa = PBXFileReference; fileEncoding = 4; lastKnownFileType = sourcecode.c.objc; path = HJ_KeyChainManagerViewController.m; sourceTree = "<group>"; };
		A825714C1F02324C006CBEFA /* HJ_AddressBookViewController.h */ = {isa = PBXFileReference; fileEncoding = 4; lastKnownFileType = sourcecode.c.h; path = HJ_AddressBookViewController.h; sourceTree = "<group>"; };
		A825714D1F02324C006CBEFA /* HJ_AddressBookViewController.m */ = {isa = PBXFileReference; fileEncoding = 4; lastKnownFileType = sourcecode.c.objc; path = HJ_AddressBookViewController.m; sourceTree = "<group>"; };
		A825714F1F023314006CBEFA /* HJ_AddressBookCell.h */ = {isa = PBXFileReference; fileEncoding = 4; lastKnownFileType = sourcecode.c.h; path = HJ_AddressBookCell.h; sourceTree = "<group>"; };
		A82571501F023314006CBEFA /* HJ_AddressBookCell.m */ = {isa = PBXFileReference; fileEncoding = 4; lastKnownFileType = sourcecode.c.objc; path = HJ_AddressBookCell.m; sourceTree = "<group>"; };
		A82571531F024A58006CBEFA /* HJ_ValidateViewController.h */ = {isa = PBXFileReference; fileEncoding = 4; lastKnownFileType = sourcecode.c.h; path = HJ_ValidateViewController.h; sourceTree = "<group>"; };
		A82571541F024A58006CBEFA /* HJ_ValidateViewController.m */ = {isa = PBXFileReference; fileEncoding = 4; lastKnownFileType = sourcecode.c.objc; path = HJ_ValidateViewController.m; sourceTree = "<group>"; };
		A83B9D2D1EA74CF300D0DC31 /* HJ_KeyChainManager.h */ = {isa = PBXFileReference; fileEncoding = 4; lastKnownFileType = sourcecode.c.h; path = HJ_KeyChainManager.h; sourceTree = "<group>"; };
		A83B9D2E1EA74CF300D0DC31 /* HJ_KeyChainManager.m */ = {isa = PBXFileReference; fileEncoding = 4; lastKnownFileType = sourcecode.c.objc; path = HJ_KeyChainManager.m; sourceTree = "<group>"; };
		A83CB01822A4AC07007E1D2B /* HJ_WatermarkManager.h */ = {isa = PBXFileReference; lastKnownFileType = sourcecode.c.h; path = HJ_WatermarkManager.h; sourceTree = "<group>"; };
		A83CB01922A4AC07007E1D2B /* HJ_WatermarkManager.m */ = {isa = PBXFileReference; lastKnownFileType = sourcecode.c.objc; path = HJ_WatermarkManager.m; sourceTree = "<group>"; };
		A87B89201DDD540600F4DC22 /* HJGCDManager.h */ = {isa = PBXFileReference; fileEncoding = 4; lastKnownFileType = sourcecode.c.h; path = HJGCDManager.h; sourceTree = "<group>"; };
		A87B89211DDD540600F4DC22 /* HJGCDManager.m */ = {isa = PBXFileReference; fileEncoding = 4; lastKnownFileType = sourcecode.c.objc; path = HJGCDManager.m; sourceTree = "<group>"; };
		A89542531DBDE1DB006AA824 /* IosAudioController.h */ = {isa = PBXFileReference; fileEncoding = 4; lastKnownFileType = sourcecode.c.h; path = IosAudioController.h; sourceTree = "<group>"; };
		A89542541DBDE1DB006AA824 /* IosAudioController.m */ = {isa = PBXFileReference; fileEncoding = 4; lastKnownFileType = sourcecode.c.objc; path = IosAudioController.m; sourceTree = "<group>"; };
		A89BC0FF1DB0B16E0088660A /* XLTextField.h */ = {isa = PBXFileReference; fileEncoding = 4; lastKnownFileType = sourcecode.c.h; path = XLTextField.h; sourceTree = "<group>"; };
		A89BC1001DB0B16E0088660A /* XLTextField.m */ = {isa = PBXFileReference; fileEncoding = 4; lastKnownFileType = sourcecode.c.objc; path = XLTextField.m; sourceTree = "<group>"; };
		A8ADE5C0207CA6A600C8B3AE /* HJ_GCDAnalysisViewController.h */ = {isa = PBXFileReference; lastKnownFileType = sourcecode.c.h; path = HJ_GCDAnalysisViewController.h; sourceTree = "<group>"; };
		A8ADE5C1207CA6A600C8B3AE /* HJ_GCDAnalysisViewController.m */ = {isa = PBXFileReference; lastKnownFileType = sourcecode.c.objc; path = HJ_GCDAnalysisViewController.m; sourceTree = "<group>"; };
		A8B13F7B1E9E17DF000AEC16 /* First.storyboard */ = {isa = PBXFileReference; fileEncoding = 4; lastKnownFileType = file.storyboard; path = First.storyboard; sourceTree = "<group>"; };
		A8B13F811E9E1A5A000AEC16 /* HJ_PublicTableViewCell.h */ = {isa = PBXFileReference; fileEncoding = 4; lastKnownFileType = sourcecode.c.h; path = HJ_PublicTableViewCell.h; sourceTree = "<group>"; };
		A8B13F821E9E1A5A000AEC16 /* HJ_PublicTableViewCell.m */ = {isa = PBXFileReference; fileEncoding = 4; lastKnownFileType = sourcecode.c.objc; path = HJ_PublicTableViewCell.m; sourceTree = "<group>"; };
		A8C757C01DAA1201001BB31A /* HJFileManager.h */ = {isa = PBXFileReference; fileEncoding = 4; lastKnownFileType = sourcecode.c.h; path = HJFileManager.h; sourceTree = "<group>"; };
		A8C757C11DAA1201001BB31A /* HJFileManager.m */ = {isa = PBXFileReference; fileEncoding = 4; lastKnownFileType = sourcecode.c.objc; path = HJFileManager.m; sourceTree = "<group>"; };
		A8C9BDC61DAA39AA007D8D71 /* github精美UI介绍.strings */ = {isa = PBXFileReference; fileEncoding = 4; lastKnownFileType = text.plist.strings; path = "github精美UI介绍.strings"; sourceTree = "<group>"; };
		A8E0E4831E9B869E00F16E7C /* HJDownloadManager.h */ = {isa = PBXFileReference; fileEncoding = 4; lastKnownFileType = sourcecode.c.h; path = HJDownloadManager.h; sourceTree = "<group>"; };
		A8E0E4841E9B869E00F16E7C /* HJDownloadManager.m */ = {isa = PBXFileReference; fileEncoding = 4; lastKnownFileType = sourcecode.c.objc; path = HJDownloadManager.m; sourceTree = "<group>"; };
		A8E0E4861E9B869E00F16E7C /* HJNetWorkStateHelper.h */ = {isa = PBXFileReference; fileEncoding = 4; lastKnownFileType = sourcecode.c.h; path = HJNetWorkStateHelper.h; sourceTree = "<group>"; };
		A8E0E4871E9B869E00F16E7C /* HJNetWorkStateHelper.m */ = {isa = PBXFileReference; fileEncoding = 4; lastKnownFileType = sourcecode.c.objc; path = HJNetWorkStateHelper.m; sourceTree = "<group>"; };
		A8E0E48B1E9B894C00F16E7C /* HJNetworkCache.h */ = {isa = PBXFileReference; fileEncoding = 4; lastKnownFileType = sourcecode.c.h; path = HJNetworkCache.h; sourceTree = "<group>"; };
		A8E0E48C1E9B894C00F16E7C /* HJNetworkCache.m */ = {isa = PBXFileReference; fileEncoding = 4; lastKnownFileType = sourcecode.c.objc; path = HJNetworkCache.m; sourceTree = "<group>"; };
		A8E0E48D1E9B894C00F16E7C /* HJNetworkHelper.h */ = {isa = PBXFileReference; fileEncoding = 4; lastKnownFileType = sourcecode.c.h; path = HJNetworkHelper.h; sourceTree = "<group>"; };
		A8E0E48E1E9B894C00F16E7C /* HJNetworkHelper.m */ = {isa = PBXFileReference; fileEncoding = 4; lastKnownFileType = sourcecode.c.objc; path = HJNetworkHelper.m; sourceTree = "<group>"; };
		A8E0E4981E9B8D2300F16E7C /* HJ_BaseViewController.h */ = {isa = PBXFileReference; fileEncoding = 4; lastKnownFileType = sourcecode.c.h; path = HJ_BaseViewController.h; sourceTree = "<group>"; };
		A8E0E4991E9B8D2300F16E7C /* HJ_BaseViewController.m */ = {isa = PBXFileReference; fileEncoding = 4; lastKnownFileType = sourcecode.c.objc; path = HJ_BaseViewController.m; sourceTree = "<group>"; };
		A8E0E49B1E9B8D4400F16E7C /* HJ_FirstViewController.h */ = {isa = PBXFileReference; fileEncoding = 4; lastKnownFileType = sourcecode.c.h; path = HJ_FirstViewController.h; sourceTree = "<group>"; };
		A8E0E49C1E9B8D4400F16E7C /* HJ_FirstViewController.m */ = {isa = PBXFileReference; fileEncoding = 4; lastKnownFileType = sourcecode.c.objc; path = HJ_FirstViewController.m; sourceTree = "<group>"; };
		A8E0E49E1E9B8D4E00F16E7C /* HJ_SecondViewController.h */ = {isa = PBXFileReference; fileEncoding = 4; lastKnownFileType = sourcecode.c.h; path = HJ_SecondViewController.h; sourceTree = "<group>"; };
		A8E0E49F1E9B8D4E00F16E7C /* HJ_SecondViewController.m */ = {isa = PBXFileReference; fileEncoding = 4; lastKnownFileType = sourcecode.c.objc; path = HJ_SecondViewController.m; sourceTree = "<group>"; };
		A8E0E4A11E9B8DDA00F16E7C /* HJ_BaseTabBarController.h */ = {isa = PBXFileReference; fileEncoding = 4; lastKnownFileType = sourcecode.c.h; path = HJ_BaseTabBarController.h; sourceTree = "<group>"; };
		A8E0E4A21E9B8DDA00F16E7C /* HJ_BaseTabBarController.m */ = {isa = PBXFileReference; fileEncoding = 4; lastKnownFileType = sourcecode.c.objc; path = HJ_BaseTabBarController.m; sourceTree = "<group>"; };
		D939575020005725F17D2E0B /* Pods-HJAppHelper.debug.xcconfig */ = {isa = PBXFileReference; includeInIndex = 1; lastKnownFileType = text.xcconfig; name = "Pods-HJAppHelper.debug.xcconfig"; path = "Pods/Target Support Files/Pods-HJAppHelper/Pods-HJAppHelper.debug.xcconfig"; sourceTree = "<group>"; };
		E1798CC2AD0C18B02025F4EF /* Pods-HJAppHelper.release.xcconfig */ = {isa = PBXFileReference; includeInIndex = 1; lastKnownFileType = text.xcconfig; name = "Pods-HJAppHelper.release.xcconfig"; path = "Pods/Target Support Files/Pods-HJAppHelper/Pods-HJAppHelper.release.xcconfig"; sourceTree = "<group>"; };
/* End PBXFileReference section */

/* Begin PBXFrameworksBuildPhase section */
		26172F461BD7E99500D7A91F /* Frameworks */ = {
			isa = PBXFrameworksBuildPhase;
			buildActionMask = 2147483647;
			files = (
				26A5F32F1C239B5B009F614D /* AddressBook.framework in Frameworks */,
				26A5F3301C239B5B009F614D /* AddressBookUI.framework in Frameworks */,
				32AD6F7F398252E0E6AF52BC /* libPods-HJAppHelper.a in Frameworks */,
			);
			runOnlyForDeploymentPostprocessing = 0;
		};
		26172F5F1BD7E99500D7A91F /* Frameworks */ = {
			isa = PBXFrameworksBuildPhase;
			buildActionMask = 2147483647;
			files = (
			);
			runOnlyForDeploymentPostprocessing = 0;
		};
		26172F6A1BD7E99500D7A91F /* Frameworks */ = {
			isa = PBXFrameworksBuildPhase;
			buildActionMask = 2147483647;
			files = (
			);
			runOnlyForDeploymentPostprocessing = 0;
		};
/* End PBXFrameworksBuildPhase section */

/* Begin PBXGroup section */
		260812D41C905DCC0079ABC8 /* Category */ = {
			isa = PBXGroup;
			children = (
				A81E093E1E558C4200082D32 /* Runtime */,
				26A6342C1C979B4800924952 /* NSDate */,
				26A634251C979A3D00924952 /* NSArray */,
				26A634181C97988600924952 /* UITableview */,
				260812E41C9061EC0079ABC8 /* UINavigationBar */,
				260812DC1C9060DD0079ABC8 /* UIImage */,
			);
			path = Category;
			sourceTree = "<group>";
		};
		260812DC1C9060DD0079ABC8 /* UIImage */ = {
			isa = PBXGroup;
			children = (
				260812E81C9062850079ABC8 /* UIImage+Utility.h */,
				260812E91C9062850079ABC8 /* UIImage+Utility.m */,
			);
			path = UIImage;
			sourceTree = "<group>";
		};
		260812E41C9061EC0079ABC8 /* UINavigationBar */ = {
			isa = PBXGroup;
			children = (
				260812E51C9062090079ABC8 /* UINavigationBar+Addition.h */,
				260812E61C9062090079ABC8 /* UINavigationBar+Addition.m */,
			);
			path = UINavigationBar;
			sourceTree = "<group>";
		};
		2611ACD51CDCFA74007E8744 /* 宏 */ = {
			isa = PBXGroup;
			children = (
				2611ACD61CDCFB0F007E8744 /* PrefixHeader.pch */,
			);
			path = "宏";
			sourceTree = "<group>";
		};
		26172F401BD7E99500D7A91F = {
			isa = PBXGroup;
			children = (
				26172F4B1BD7E99500D7A91F /* HJAppHelper */,
				26172F651BD7E99500D7A91F /* HJAppHelperTests */,
				26172F701BD7E99500D7A91F /* HJAppHelperUITests */,
				26172F4A1BD7E99500D7A91F /* Products */,
				4AB6AA35E9002CB195E235D8 /* Frameworks */,
				895086B5BDC2FA83FCC45D56 /* Pods */,
			);
			sourceTree = "<group>";
		};
		26172F4A1BD7E99500D7A91F /* Products */ = {
			isa = PBXGroup;
			children = (
				26172F491BD7E99500D7A91F /* HJAppHelper.app */,
				26172F621BD7E99500D7A91F /* HJAppHelperTests.xctest */,
				26172F6D1BD7E99500D7A91F /* HJAppHelperUITests.xctest */,
			);
			name = Products;
			sourceTree = "<group>";
		};
		26172F4B1BD7E99500D7A91F /* HJAppHelper */ = {
			isa = PBXGroup;
			children = (
				26172F4F1BD7E99500D7A91F /* AppDelegate.h */,
				26172F501BD7E99500D7A91F /* AppDelegate.m */,
				2676C6841C12C3260067EFE7 /* Project */,
				A8E0E4921E9B8C1200F16E7C /* Demo */,
				A8E0E4971E9B8CD900F16E7C /* Public */,
				26172F551BD7E99500D7A91F /* Main.storyboard */,
				26172F581BD7E99500D7A91F /* Assets.xcassets */,
				26172F5A1BD7E99500D7A91F /* LaunchScreen.storyboard */,
				26172F5D1BD7E99500D7A91F /* Info.plist */,
				26172F4C1BD7E99500D7A91F /* Supporting Files */,
			);
			path = HJAppHelper;
			sourceTree = "<group>";
		};
		26172F4C1BD7E99500D7A91F /* Supporting Files */ = {
			isa = PBXGroup;
			children = (
				26172F4D1BD7E99500D7A91F /* main.m */,
			);
			name = "Supporting Files";
			sourceTree = "<group>";
		};
		26172F651BD7E99500D7A91F /* HJAppHelperTests */ = {
			isa = PBXGroup;
			children = (
				26172F661BD7E99500D7A91F /* HJAppHelperTests.m */,
				26172F681BD7E99500D7A91F /* Info.plist */,
			);
			path = HJAppHelperTests;
			sourceTree = "<group>";
		};
		26172F701BD7E99500D7A91F /* HJAppHelperUITests */ = {
			isa = PBXGroup;
			children = (
				26172F711BD7E99500D7A91F /* HJAppHelperUITests.m */,
				26172F731BD7E99500D7A91F /* Info.plist */,
			);
			path = HJAppHelperUITests;
			sourceTree = "<group>";
		};
		2637BF811D21F9C2004C0AA9 /* UICollectionView */ = {
			isa = PBXGroup;
			children = (
				2637BF821D21F9EE004C0AA9 /* FlowLayout */,
			);
			path = UICollectionView;
			sourceTree = "<group>";
		};
		2637BF821D21F9EE004C0AA9 /* FlowLayout */ = {
			isa = PBXGroup;
			children = (
				2637BF831D21FA2E004C0AA9 /* HJPlainFlowLayout.h */,
				2637BF841D21FA2E004C0AA9 /* HJPlainFlowLayout.m */,
			);
			path = FlowLayout;
			sourceTree = "<group>";
		};
		265CF5B91CEF3ED1005338AD /* UI */ = {
			isa = PBXGroup;
			children = (
				A8C9BDC51DAA3988007D8D71 /* github精美UI */,
				2637BF811D21F9C2004C0AA9 /* UICollectionView */,
				265CF5BA1CEF3EF5005338AD /* UILabel */,
			);
			path = UI;
			sourceTree = "<group>";
		};
		265CF5BA1CEF3EF5005338AD /* UILabel */ = {
			isa = PBXGroup;
			children = (
				A89BC0FE1DB0B16E0088660A /* MailSuffix */,
				265CF5BB1CEF3F69005338AD /* AttributedLabel */,
			);
			path = UILabel;
			sourceTree = "<group>";
		};
		265CF5BB1CEF3F69005338AD /* AttributedLabel */ = {
			isa = PBXGroup;
			children = (
				265CF5BC1CEF3F79005338AD /* TTTAttributedLabel.h */,
				265CF5BD1CEF3F79005338AD /* TTTAttributedLabel.m */,
			);
			path = AttributedLabel;
			sourceTree = "<group>";
		};
		2676C6841C12C3260067EFE7 /* Project */ = {
			isa = PBXGroup;
			children = (
				265CF5B91CEF3ED1005338AD /* UI */,
				26A634341C97E3A400924952 /* Tools */,
				260812D41C905DCC0079ABC8 /* Category */,
			);
			path = Project;
			sourceTree = "<group>";
		};
		26A634181C97988600924952 /* UITableview */ = {
			isa = PBXGroup;
			children = (
				26A634221C9799C000924952 /* UITableView+Helper.h */,
				26A634231C9799C000924952 /* UITableView+Helper.m */,
			);
			path = UITableview;
			sourceTree = "<group>";
		};
		26A634251C979A3D00924952 /* NSArray */ = {
			isa = PBXGroup;
			children = (
				26A634291C979AAF00924952 /* NSMutableArray+SafeArray.h */,
				26A6342A1C979AAF00924952 /* NSMutableArray+SafeArray.m */,
			);
			path = NSArray;
			sourceTree = "<group>";
		};
		26A6342C1C979B4800924952 /* NSDate */ = {
			isa = PBXGroup;
			children = (
				26A6342D1C979B7400924952 /* NSObject+ResolveTimestamp.h */,
				26A6342E1C979B7400924952 /* NSObject+ResolveTimestamp.m */,
				26C2F3681CE0EBF500486989 /* NSDate+Utilities.h */,
				26C2F3691CE0EBF500486989 /* NSDate+Utilities.m */,
				26C2F36B1CE0F71300486989 /* NSDate+Helper.h */,
				26C2F36C1CE0F71300486989 /* NSDate+Helper.m */,
			);
			path = NSDate;
			sourceTree = "<group>";
		};
		26A634341C97E3A400924952 /* Tools */ = {
			isa = PBXGroup;
			children = (
				A83B9D2C1EA74CC000D0DC31 /* KeyChain（钥匙串）增删改查 */,
				A8E0E4811E9B869E00F16E7C /* 网络 */,
				A87B891F1DDD53EA00F4DC22 /* GCD */,
				A89542511DBDE1BB006AA824 /* 录音 */,
				A8C757BF1DAA11D4001BB31A /* 文件管理 */,
				2611ACD51CDCFA74007E8744 /* 宏 */,
				26A634351C97E3A400924952 /* HJDateTool */,
				26A6343B1C97E3A400924952 /* 加密 */,
				26A634421C97E3A400924952 /* 正则验证 */,
				26A634451C97E3A400924952 /* 获取图片颜色 */,
				26A634481C97E3A400924952 /* 通讯录 */,
				A83CB01622A4AB85007E1D2B /* 水印 */,
			);
			path = Tools;
			sourceTree = "<group>";
		};
		26A634351C97E3A400924952 /* HJDateTool */ = {
			isa = PBXGroup;
			children = (
				26A634361C97E3A400924952 /* HJDateTool.h */,
				26A634371C97E3A400924952 /* HJDateTool.m */,
			);
			path = HJDateTool;
			sourceTree = "<group>";
		};
		26A6343B1C97E3A400924952 /* 加密 */ = {
			isa = PBXGroup;
			children = (
				26A6343C1C97E3A400924952 /* GTMBase64.h */,
				26A6343D1C97E3A400924952 /* GTMBase64.m */,
				26A6343E1C97E3A400924952 /* GTMDefines.h */,
				26A6343F1C97E3A400924952 /* HJEncryptHelpers.h */,
				26A634401C97E3A400924952 /* HJEncryptHelpers.m */,
				26A634411C97E3A400924952 /* README.md */,
			);
			path = "加密";
			sourceTree = "<group>";
		};
		26A634421C97E3A400924952 /* 正则验证 */ = {
			isa = PBXGroup;
			children = (
				26A634431C97E3A400924952 /* HJVerifyManager.h */,
				26A634441C97E3A400924952 /* HJVerifyManager.m */,
			);
			path = "正则验证";
			sourceTree = "<group>";
		};
		26A634451C97E3A400924952 /* 获取图片颜色 */ = {
			isa = PBXGroup;
			children = (
				26A634461C97E3A400924952 /* HJImageColorTool.h */,
				26A634471C97E3A400924952 /* HJImageColorTool.m */,
			);
			path = "获取图片颜色";
			sourceTree = "<group>";
		};
		26A634481C97E3A400924952 /* 通讯录 */ = {
			isa = PBXGroup;
			children = (
				26A634491C97E3A400924952 /* HJAddressBookManager.h */,
				26A6344A1C97E3A400924952 /* HJAddressBookManager.m */,
				26A6344B1C97E3A400924952 /* HJAddressBookModel.h */,
				26A6344C1C97E3A400924952 /* HJAddressBookModel.m */,
			);
			path = "通讯录";
			sourceTree = "<group>";
		};
		4AB6AA35E9002CB195E235D8 /* Frameworks */ = {
			isa = PBXGroup;
			children = (
				26A5F32D1C239B5B009F614D /* AddressBook.framework */,
				26A5F32E1C239B5B009F614D /* AddressBookUI.framework */,
				5131C19C64EB784DAB2839BB /* libPods-HJAppHelper.a */,
			);
			name = Frameworks;
			sourceTree = "<group>";
		};
		895086B5BDC2FA83FCC45D56 /* Pods */ = {
			isa = PBXGroup;
			children = (
				D939575020005725F17D2E0B /* Pods-HJAppHelper.debug.xcconfig */,
				E1798CC2AD0C18B02025F4EF /* Pods-HJAppHelper.release.xcconfig */,
			);
			name = Pods;
			sourceTree = "<group>";
		};
		A81E093E1E558C4200082D32 /* Runtime */ = {
			isa = PBXGroup;
			children = (
				A81E093F1E558C9100082D32 /* NSObject+RuntimeHelper.h */,
				A81E09401E558C9100082D32 /* NSObject+RuntimeHelper.m */,
			);
			path = Runtime;
			sourceTree = "<group>";
		};
		A82571431F0231C1006CBEFA /* 网络数据缓存与下载 */ = {
			isa = PBXGroup;
			children = (
				A82571441F0231C1006CBEFA /* HJ_NetworkHelperViewController.h */,
				A82571451F0231C1006CBEFA /* HJ_NetworkHelperViewController.m */,
			);
			path = "网络数据缓存与下载";
			sourceTree = "<group>";
		};
		A82571461F0231C1006CBEFA /* KeyChain（钥匙串）增删改查 */ = {
			isa = PBXGroup;
			children = (
				A82571471F0231C1006CBEFA /* HJ_KeyChainManagerViewController.h */,
				A82571481F0231C1006CBEFA /* HJ_KeyChainManagerViewController.m */,
			);
			path = "KeyChain（钥匙串）增删改查";
			sourceTree = "<group>";
		};
		A825714B1F023204006CBEFA /* 通讯录读取 */ = {
			isa = PBXGroup;
			children = (
				A825714C1F02324C006CBEFA /* HJ_AddressBookViewController.h */,
				A825714D1F02324C006CBEFA /* HJ_AddressBookViewController.m */,
				A825714F1F023314006CBEFA /* HJ_AddressBookCell.h */,
				A82571501F023314006CBEFA /* HJ_AddressBookCell.m */,
			);
			path = "通讯录读取";
			sourceTree = "<group>";
		};
		A82571521F024A30006CBEFA /* 正则验证 */ = {
			isa = PBXGroup;
			children = (
				A82571531F024A58006CBEFA /* HJ_ValidateViewController.h */,
				A82571541F024A58006CBEFA /* HJ_ValidateViewController.m */,
			);
			path = "正则验证";
			sourceTree = "<group>";
		};
		A83B9D2C1EA74CC000D0DC31 /* KeyChain（钥匙串）增删改查 */ = {
			isa = PBXGroup;
			children = (
				A83B9D2D1EA74CF300D0DC31 /* HJ_KeyChainManager.h */,
				A83B9D2E1EA74CF300D0DC31 /* HJ_KeyChainManager.m */,
			);
			path = "KeyChain（钥匙串）增删改查";
			sourceTree = "<group>";
		};
		A83CB01622A4AB85007E1D2B /* 水印 */ = {
			isa = PBXGroup;
			children = (
				A83CB01722A4AB97007E1D2B /* 隐形水印 */,
			);
			path = "水印";
			sourceTree = "<group>";
		};
		A83CB01722A4AB97007E1D2B /* 隐形水印 */ = {
			isa = PBXGroup;
			children = (
				A83CB01822A4AC07007E1D2B /* HJ_WatermarkManager.h */,
				A83CB01922A4AC07007E1D2B /* HJ_WatermarkManager.m */,
			);
			path = "隐形水印";
			sourceTree = "<group>";
		};
		A87B891F1DDD53EA00F4DC22 /* GCD */ = {
			isa = PBXGroup;
			children = (
				A87B89201DDD540600F4DC22 /* HJGCDManager.h */,
				A87B89211DDD540600F4DC22 /* HJGCDManager.m */,
			);
			path = GCD;
			sourceTree = "<group>";
		};
		A89542511DBDE1BB006AA824 /* 录音 */ = {
			isa = PBXGroup;
			children = (
				A89542521DBDE1BB006AA824 /* 边录边播 */,
			);
			path = "录音";
			sourceTree = "<group>";
		};
		A89542521DBDE1BB006AA824 /* 边录边播 */ = {
			isa = PBXGroup;
			children = (
				A89542531DBDE1DB006AA824 /* IosAudioController.h */,
				A89542541DBDE1DB006AA824 /* IosAudioController.m */,
			);
			path = "边录边播";
			sourceTree = "<group>";
		};
		A89BC0FE1DB0B16E0088660A /* MailSuffix */ = {
			isa = PBXGroup;
			children = (
				A89BC0FF1DB0B16E0088660A /* XLTextField.h */,
				A89BC1001DB0B16E0088660A /* XLTextField.m */,
			);
			path = MailSuffix;
			sourceTree = "<group>";
		};
		A8ADE5BF207CA65B00C8B3AE /* GCD详解 */ = {
			isa = PBXGroup;
			children = (
				A8ADE5C0207CA6A600C8B3AE /* HJ_GCDAnalysisViewController.h */,
				A8ADE5C1207CA6A600C8B3AE /* HJ_GCDAnalysisViewController.m */,
			);
			path = "GCD详解";
			sourceTree = "<group>";
		};
		A8C757BF1DAA11D4001BB31A /* 文件管理 */ = {
			isa = PBXGroup;
			children = (
				A8C757C01DAA1201001BB31A /* HJFileManager.h */,
				A8C757C11DAA1201001BB31A /* HJFileManager.m */,
			);
			path = "文件管理";
			sourceTree = "<group>";
		};
		A8C9BDC51DAA3988007D8D71 /* github精美UI */ = {
			isa = PBXGroup;
			children = (
				A8C9BDC61DAA39AA007D8D71 /* github精美UI介绍.strings */,
			);
			path = "github精美UI";
			sourceTree = "<group>";
		};
		A8E0E4811E9B869E00F16E7C /* 网络 */ = {
			isa = PBXGroup;
			children = (
				A8E0E48A1E9B894C00F16E7C /* 网络缓存与下载 */,
				A8E0E4821E9B869E00F16E7C /* 下载 */,
				A8E0E4851E9B869E00F16E7C /* 网络状态判断 */,
			);
			path = "网络";
			sourceTree = "<group>";
		};
		A8E0E4821E9B869E00F16E7C /* 下载 */ = {
			isa = PBXGroup;
			children = (
				A8E0E4831E9B869E00F16E7C /* HJDownloadManager.h */,
				A8E0E4841E9B869E00F16E7C /* HJDownloadManager.m */,
			);
			path = "下载";
			sourceTree = "<group>";
		};
		A8E0E4851E9B869E00F16E7C /* 网络状态判断 */ = {
			isa = PBXGroup;
			children = (
				A8E0E4861E9B869E00F16E7C /* HJNetWorkStateHelper.h */,
				A8E0E4871E9B869E00F16E7C /* HJNetWorkStateHelper.m */,
			);
			path = "网络状态判断";
			sourceTree = "<group>";
		};
		A8E0E48A1E9B894C00F16E7C /* 网络缓存与下载 */ = {
			isa = PBXGroup;
			children = (
				A8E0E48B1E9B894C00F16E7C /* HJNetworkCache.h */,
				A8E0E48C1E9B894C00F16E7C /* HJNetworkCache.m */,
				A8E0E48D1E9B894C00F16E7C /* HJNetworkHelper.h */,
				A8E0E48E1E9B894C00F16E7C /* HJNetworkHelper.m */,
			);
			path = "网络缓存与下载";
			sourceTree = "<group>";
		};
		A8E0E4921E9B8C1200F16E7C /* Demo */ = {
			isa = PBXGroup;
			children = (
				A8E0E4931E9B8C6200F16E7C /* First */,
				A8E0E4951E9B8C6200F16E7C /* Second */,
				A8E0E4961E9B8C6200F16E7C /* Third */,
				A8E0E4941E9B8C6200F16E7C /* Fourth */,
			);
			path = Demo;
			sourceTree = "<group>";
		};
		A8E0E4931E9B8C6200F16E7C /* First */ = {
			isa = PBXGroup;
			children = (
				A8B13F7B1E9E17DF000AEC16 /* First.storyboard */,
				A8E0E49B1E9B8D4400F16E7C /* HJ_FirstViewController.h */,
				A8E0E49C1E9B8D4400F16E7C /* HJ_FirstViewController.m */,
				A82571431F0231C1006CBEFA /* 网络数据缓存与下载 */,
				A82571461F0231C1006CBEFA /* KeyChain（钥匙串）增删改查 */,
				A825714B1F023204006CBEFA /* 通讯录读取 */,
				A82571521F024A30006CBEFA /* 正则验证 */,
				A8ADE5BF207CA65B00C8B3AE /* GCD详解 */,
			);
			path = First;
			sourceTree = "<group>";
		};
		A8E0E4941E9B8C6200F16E7C /* Fourth */ = {
			isa = PBXGroup;
			children = (
			);
			path = Fourth;
			sourceTree = "<group>";
		};
		A8E0E4951E9B8C6200F16E7C /* Second */ = {
			isa = PBXGroup;
			children = (
				A8E0E49E1E9B8D4E00F16E7C /* HJ_SecondViewController.h */,
				A8E0E49F1E9B8D4E00F16E7C /* HJ_SecondViewController.m */,
			);
			path = Second;
			sourceTree = "<group>";
		};
		A8E0E4961E9B8C6200F16E7C /* Third */ = {
			isa = PBXGroup;
			children = (
			);
			path = Third;
			sourceTree = "<group>";
		};
		A8E0E4971E9B8CD900F16E7C /* Public */ = {
			isa = PBXGroup;
			children = (
				A8E0E4981E9B8D2300F16E7C /* HJ_BaseViewController.h */,
				A8E0E4991E9B8D2300F16E7C /* HJ_BaseViewController.m */,
				A8E0E4A11E9B8DDA00F16E7C /* HJ_BaseTabBarController.h */,
				A8E0E4A21E9B8DDA00F16E7C /* HJ_BaseTabBarController.m */,
				A8B13F811E9E1A5A000AEC16 /* HJ_PublicTableViewCell.h */,
				A8B13F821E9E1A5A000AEC16 /* HJ_PublicTableViewCell.m */,
			);
			path = Public;
			sourceTree = "<group>";
		};
/* End PBXGroup section */

/* Begin PBXNativeTarget section */
		26172F481BD7E99500D7A91F /* HJAppHelper */ = {
			isa = PBXNativeTarget;
			buildConfigurationList = 26172F761BD7E99500D7A91F /* Build configuration list for PBXNativeTarget "HJAppHelper" */;
			buildPhases = (
				30268CFCCE728BB1761F4836 /* [CP] Check Pods Manifest.lock */,
				26172F451BD7E99500D7A91F /* Sources */,
				26172F461BD7E99500D7A91F /* Frameworks */,
				26172F471BD7E99500D7A91F /* Resources */,
				C505F37B07A16F16EA6C535D /* [CP] Embed Pods Frameworks */,
				D384D68CE027908A77451489 /* [CP] Copy Pods Resources */,
			);
			buildRules = (
			);
			dependencies = (
			);
			name = HJAppHelper;
			productName = HJAppHelper;
			productReference = 26172F491BD7E99500D7A91F /* HJAppHelper.app */;
			productType = "com.apple.product-type.application";
		};
		26172F611BD7E99500D7A91F /* HJAppHelperTests */ = {
			isa = PBXNativeTarget;
			buildConfigurationList = 26172F791BD7E99500D7A91F /* Build configuration list for PBXNativeTarget "HJAppHelperTests" */;
			buildPhases = (
				26172F5E1BD7E99500D7A91F /* Sources */,
				26172F5F1BD7E99500D7A91F /* Frameworks */,
				26172F601BD7E99500D7A91F /* Resources */,
			);
			buildRules = (
			);
			dependencies = (
				26172F641BD7E99500D7A91F /* PBXTargetDependency */,
			);
			name = HJAppHelperTests;
			productName = HJAppHelperTests;
			productReference = 26172F621BD7E99500D7A91F /* HJAppHelperTests.xctest */;
			productType = "com.apple.product-type.bundle.unit-test";
		};
		26172F6C1BD7E99500D7A91F /* HJAppHelperUITests */ = {
			isa = PBXNativeTarget;
			buildConfigurationList = 26172F7C1BD7E99500D7A91F /* Build configuration list for PBXNativeTarget "HJAppHelperUITests" */;
			buildPhases = (
				26172F691BD7E99500D7A91F /* Sources */,
				26172F6A1BD7E99500D7A91F /* Frameworks */,
				26172F6B1BD7E99500D7A91F /* Resources */,
			);
			buildRules = (
			);
			dependencies = (
				26172F6F1BD7E99500D7A91F /* PBXTargetDependency */,
			);
			name = HJAppHelperUITests;
			productName = HJAppHelperUITests;
			productReference = 26172F6D1BD7E99500D7A91F /* HJAppHelperUITests.xctest */;
			productType = "com.apple.product-type.bundle.ui-testing";
		};
/* End PBXNativeTarget section */

/* Begin PBXProject section */
		26172F411BD7E99500D7A91F /* Project object */ = {
			isa = PBXProject;
			attributes = {
				CLASSPREFIX = HJ_;
				LastUpgradeCheck = 0700;
				ORGANIZATIONNAME = huangjian;
				TargetAttributes = {
					26172F481BD7E99500D7A91F = {
						CreatedOnToolsVersion = 7.0;
						DevelopmentTeam = UH2N8K99U6;
					};
					26172F611BD7E99500D7A91F = {
						CreatedOnToolsVersion = 7.0;
						TestTargetID = 26172F481BD7E99500D7A91F;
					};
					26172F6C1BD7E99500D7A91F = {
						CreatedOnToolsVersion = 7.0;
						TestTargetID = 26172F481BD7E99500D7A91F;
					};
				};
			};
			buildConfigurationList = 26172F441BD7E99500D7A91F /* Build configuration list for PBXProject "HJAppHelper" */;
			compatibilityVersion = "Xcode 3.2";
			developmentRegion = English;
			hasScannedForEncodings = 0;
			knownRegions = (
				English,
				en,
				Base,
			);
			mainGroup = 26172F401BD7E99500D7A91F;
			productRefGroup = 26172F4A1BD7E99500D7A91F /* Products */;
			projectDirPath = "";
			projectRoot = "";
			targets = (
				26172F481BD7E99500D7A91F /* HJAppHelper */,
				26172F611BD7E99500D7A91F /* HJAppHelperTests */,
				26172F6C1BD7E99500D7A91F /* HJAppHelperUITests */,
			);
		};
/* End PBXProject section */

/* Begin PBXResourcesBuildPhase section */
		26172F471BD7E99500D7A91F /* Resources */ = {
			isa = PBXResourcesBuildPhase;
			buildActionMask = 2147483647;
			files = (
				26172F5C1BD7E99500D7A91F /* LaunchScreen.storyboard in Resources */,
				A8C9BDC71DAA39AA007D8D71 /* github精美UI介绍.strings in Resources */,
				26172F591BD7E99500D7A91F /* Assets.xcassets in Resources */,
				26172F571BD7E99500D7A91F /* Main.storyboard in Resources */,
				A8B13F7C1E9E17DF000AEC16 /* First.storyboard in Resources */,
			);
			runOnlyForDeploymentPostprocessing = 0;
		};
		26172F601BD7E99500D7A91F /* Resources */ = {
			isa = PBXResourcesBuildPhase;
			buildActionMask = 2147483647;
			files = (
			);
			runOnlyForDeploymentPostprocessing = 0;
		};
		26172F6B1BD7E99500D7A91F /* Resources */ = {
			isa = PBXResourcesBuildPhase;
			buildActionMask = 2147483647;
			files = (
			);
			runOnlyForDeploymentPostprocessing = 0;
		};
/* End PBXResourcesBuildPhase section */

/* Begin PBXShellScriptBuildPhase section */
		30268CFCCE728BB1761F4836 /* [CP] Check Pods Manifest.lock */ = {
			isa = PBXShellScriptBuildPhase;
			buildActionMask = 2147483647;
			files = (
			);
			inputPaths = (
			);
			name = "[CP] Check Pods Manifest.lock";
			outputPaths = (
			);
			runOnlyForDeploymentPostprocessing = 0;
			shellPath = /bin/sh;
			shellScript = "diff \"${PODS_ROOT}/../Podfile.lock\" \"${PODS_ROOT}/Manifest.lock\" > /dev/null\nif [ $? != 0 ] ; then\n    # print error to STDERR\n    echo \"error: The sandbox is not in sync with the Podfile.lock. Run 'pod install' or update your CocoaPods installation.\" >&2\n    exit 1\nfi\n";
			showEnvVarsInLog = 0;
		};
		C505F37B07A16F16EA6C535D /* [CP] Embed Pods Frameworks */ = {
			isa = PBXShellScriptBuildPhase;
			buildActionMask = 2147483647;
			files = (
			);
			inputPaths = (
			);
			name = "[CP] Embed Pods Frameworks";
			outputPaths = (
			);
			runOnlyForDeploymentPostprocessing = 0;
			shellPath = /bin/sh;
			shellScript = "\"${SRCROOT}/Pods/Target Support Files/Pods-HJAppHelper/Pods-HJAppHelper-frameworks.sh\"\n";
			showEnvVarsInLog = 0;
		};
		D384D68CE027908A77451489 /* [CP] Copy Pods Resources */ = {
			isa = PBXShellScriptBuildPhase;
			buildActionMask = 2147483647;
			files = (
			);
			inputPaths = (
			);
			name = "[CP] Copy Pods Resources";
			outputPaths = (
			);
			runOnlyForDeploymentPostprocessing = 0;
			shellPath = /bin/sh;
			shellScript = "\"${SRCROOT}/Pods/Target Support Files/Pods-HJAppHelper/Pods-HJAppHelper-resources.sh\"\n";
			showEnvVarsInLog = 0;
		};
/* End PBXShellScriptBuildPhase section */

/* Begin PBXSourcesBuildPhase section */
		26172F451BD7E99500D7A91F /* Sources */ = {
			isa = PBXSourcesBuildPhase;
			buildActionMask = 2147483647;
			files = (
				2637BF851D21FA2E004C0AA9 /* HJPlainFlowLayout.m in Sources */,
				A83CB01A22A4AC07007E1D2B /* HJ_WatermarkManager.m in Sources */,
				26172F511BD7E99500D7A91F /* AppDelegate.m in Sources */,
				26C2F36A1CE0EBF500486989 /* NSDate+Utilities.m in Sources */,
				260812E71C9062090079ABC8 /* UINavigationBar+Addition.m in Sources */,
				26A6344D1C97E3A400924952 /* HJDateTool.m in Sources */,
				26A634501C97E3A400924952 /* HJEncryptHelpers.m in Sources */,
				A8C757C21DAA1201001BB31A /* HJFileManager.m in Sources */,
				26172F4E1BD7E99500D7A91F /* main.m in Sources */,
				A8E0E4901E9B894C00F16E7C /* HJNetworkHelper.m in Sources */,
				26A634241C9799C000924952 /* UITableView+Helper.m in Sources */,
				26A6344F1C97E3A400924952 /* GTMBase64.m in Sources */,
				A8ADE5C2207CA6A600C8B3AE /* HJ_GCDAnalysisViewController.m in Sources */,
				A8E0E4881E9B869E00F16E7C /* HJDownloadManager.m in Sources */,
				A8E0E4891E9B869E00F16E7C /* HJNetWorkStateHelper.m in Sources */,
				26A634551C97E3A400924952 /* HJAddressBookModel.m in Sources */,
				A825714E1F02324C006CBEFA /* HJ_AddressBookViewController.m in Sources */,
				A82571511F023314006CBEFA /* HJ_AddressBookCell.m in Sources */,
				260812EA1C9062850079ABC8 /* UIImage+Utility.m in Sources */,
				26A634511C97E3A400924952 /* README.md in Sources */,
				A8E0E4A31E9B8DDA00F16E7C /* HJ_BaseTabBarController.m in Sources */,
				26A634541C97E3A400924952 /* HJAddressBookManager.m in Sources */,
				A83B9D2F1EA74CF300D0DC31 /* HJ_KeyChainManager.m in Sources */,
				26A6342B1C979AAF00924952 /* NSMutableArray+SafeArray.m in Sources */,
				A8E0E49A1E9B8D2300F16E7C /* HJ_BaseViewController.m in Sources */,
				26A6342F1C979B7400924952 /* NSObject+ResolveTimestamp.m in Sources */,
				A81E09411E558C9100082D32 /* NSObject+RuntimeHelper.m in Sources */,
				26C2F36D1CE0F71300486989 /* NSDate+Helper.m in Sources */,
				A825714A1F0231C1006CBEFA /* HJ_KeyChainManagerViewController.m in Sources */,
				A89BC1011DB0B16E0088660A /* XLTextField.m in Sources */,
				A82571551F024A58006CBEFA /* HJ_ValidateViewController.m in Sources */,
				265CF5BE1CEF3F79005338AD /* TTTAttributedLabel.m in Sources */,
				26A634521C97E3A400924952 /* HJVerifyManager.m in Sources */,
				A89542551DBDE1DB006AA824 /* IosAudioController.m in Sources */,
				A87B89221DDD540600F4DC22 /* HJGCDManager.m in Sources */,
				A8E0E4A01E9B8D4E00F16E7C /* HJ_SecondViewController.m in Sources */,
				A8B13F831E9E1A5A000AEC16 /* HJ_PublicTableViewCell.m in Sources */,
				A8E0E49D1E9B8D4400F16E7C /* HJ_FirstViewController.m in Sources */,
				26A634531C97E3A400924952 /* HJImageColorTool.m in Sources */,
				A8E0E48F1E9B894C00F16E7C /* HJNetworkCache.m in Sources */,
				A82571491F0231C1006CBEFA /* HJ_NetworkHelperViewController.m in Sources */,
			);
			runOnlyForDeploymentPostprocessing = 0;
		};
		26172F5E1BD7E99500D7A91F /* Sources */ = {
			isa = PBXSourcesBuildPhase;
			buildActionMask = 2147483647;
			files = (
				26172F671BD7E99500D7A91F /* HJAppHelperTests.m in Sources */,
			);
			runOnlyForDeploymentPostprocessing = 0;
		};
		26172F691BD7E99500D7A91F /* Sources */ = {
			isa = PBXSourcesBuildPhase;
			buildActionMask = 2147483647;
			files = (
				26172F721BD7E99500D7A91F /* HJAppHelperUITests.m in Sources */,
			);
			runOnlyForDeploymentPostprocessing = 0;
		};
/* End PBXSourcesBuildPhase section */

/* Begin PBXTargetDependency section */
		26172F641BD7E99500D7A91F /* PBXTargetDependency */ = {
			isa = PBXTargetDependency;
			target = 26172F481BD7E99500D7A91F /* HJAppHelper */;
			targetProxy = 26172F631BD7E99500D7A91F /* PBXContainerItemProxy */;
		};
		26172F6F1BD7E99500D7A91F /* PBXTargetDependency */ = {
			isa = PBXTargetDependency;
			target = 26172F481BD7E99500D7A91F /* HJAppHelper */;
			targetProxy = 26172F6E1BD7E99500D7A91F /* PBXContainerItemProxy */;
		};
/* End PBXTargetDependency section */

/* Begin PBXVariantGroup section */
		26172F551BD7E99500D7A91F /* Main.storyboard */ = {
			isa = PBXVariantGroup;
			children = (
				26172F561BD7E99500D7A91F /* Base */,
			);
			name = Main.storyboard;
			sourceTree = "<group>";
		};
		26172F5A1BD7E99500D7A91F /* LaunchScreen.storyboard */ = {
			isa = PBXVariantGroup;
			children = (
				26172F5B1BD7E99500D7A91F /* Base */,
			);
			name = LaunchScreen.storyboard;
			sourceTree = "<group>";
		};
/* End PBXVariantGroup section */

/* Begin XCBuildConfiguration section */
		26172F741BD7E99500D7A91F /* Debug */ = {
			isa = XCBuildConfiguration;
			buildSettings = {
				ALWAYS_SEARCH_USER_PATHS = NO;
				CLANG_CXX_LANGUAGE_STANDARD = "gnu++0x";
				CLANG_CXX_LIBRARY = "libc++";
				CLANG_ENABLE_MODULES = YES;
				CLANG_ENABLE_OBJC_ARC = YES;
				CLANG_WARN_BOOL_CONVERSION = YES;
				CLANG_WARN_CONSTANT_CONVERSION = YES;
				CLANG_WARN_DIRECT_OBJC_ISA_USAGE = YES_ERROR;
				CLANG_WARN_EMPTY_BODY = YES;
				CLANG_WARN_ENUM_CONVERSION = YES;
				CLANG_WARN_INT_CONVERSION = YES;
				CLANG_WARN_OBJC_ROOT_CLASS = YES_ERROR;
				CLANG_WARN_UNREACHABLE_CODE = YES;
				CLANG_WARN__DUPLICATE_METHOD_MATCH = YES;
				"CODE_SIGN_IDENTITY[sdk=iphoneos*]" = "iPhone Developer";
				COPY_PHASE_STRIP = NO;
				DEBUG_INFORMATION_FORMAT = dwarf;
				ENABLE_STRICT_OBJC_MSGSEND = YES;
				ENABLE_TESTABILITY = YES;
				GCC_C_LANGUAGE_STANDARD = gnu99;
				GCC_DYNAMIC_NO_PIC = NO;
				GCC_NO_COMMON_BLOCKS = YES;
				GCC_OPTIMIZATION_LEVEL = 0;
				GCC_PRECOMPILE_PREFIX_HEADER = NO;
				GCC_PREPROCESSOR_DEFINITIONS = (
					"DEBUG=1",
					"$(inherited)",
				);
				GCC_WARN_64_TO_32_BIT_CONVERSION = YES;
				GCC_WARN_ABOUT_RETURN_TYPE = YES_ERROR;
				GCC_WARN_UNDECLARED_SELECTOR = YES;
				GCC_WARN_UNINITIALIZED_AUTOS = YES_AGGRESSIVE;
				GCC_WARN_UNUSED_FUNCTION = YES;
				GCC_WARN_UNUSED_VARIABLE = YES;
				IPHONEOS_DEPLOYMENT_TARGET = 9.0;
				MTL_ENABLE_DEBUG_INFO = YES;
				ONLY_ACTIVE_ARCH = YES;
				SDKROOT = iphoneos;
				TARGETED_DEVICE_FAMILY = "1,2";
			};
			name = Debug;
		};
		26172F751BD7E99500D7A91F /* Release */ = {
			isa = XCBuildConfiguration;
			buildSettings = {
				ALWAYS_SEARCH_USER_PATHS = NO;
				CLANG_CXX_LANGUAGE_STANDARD = "gnu++0x";
				CLANG_CXX_LIBRARY = "libc++";
				CLANG_ENABLE_MODULES = YES;
				CLANG_ENABLE_OBJC_ARC = YES;
				CLANG_WARN_BOOL_CONVERSION = YES;
				CLANG_WARN_CONSTANT_CONVERSION = YES;
				CLANG_WARN_DIRECT_OBJC_ISA_USAGE = YES_ERROR;
				CLANG_WARN_EMPTY_BODY = YES;
				CLANG_WARN_ENUM_CONVERSION = YES;
				CLANG_WARN_INT_CONVERSION = YES;
				CLANG_WARN_OBJC_ROOT_CLASS = YES_ERROR;
				CLANG_WARN_UNREACHABLE_CODE = YES;
				CLANG_WARN__DUPLICATE_METHOD_MATCH = YES;
				"CODE_SIGN_IDENTITY[sdk=iphoneos*]" = "iPhone Developer";
				COPY_PHASE_STRIP = NO;
				DEBUG_INFORMATION_FORMAT = "dwarf-with-dsym";
				ENABLE_NS_ASSERTIONS = NO;
				ENABLE_STRICT_OBJC_MSGSEND = YES;
				GCC_C_LANGUAGE_STANDARD = gnu99;
				GCC_NO_COMMON_BLOCKS = YES;
				GCC_PRECOMPILE_PREFIX_HEADER = NO;
				GCC_WARN_64_TO_32_BIT_CONVERSION = YES;
				GCC_WARN_ABOUT_RETURN_TYPE = YES_ERROR;
				GCC_WARN_UNDECLARED_SELECTOR = YES;
				GCC_WARN_UNINITIALIZED_AUTOS = YES_AGGRESSIVE;
				GCC_WARN_UNUSED_FUNCTION = YES;
				GCC_WARN_UNUSED_VARIABLE = YES;
				IPHONEOS_DEPLOYMENT_TARGET = 9.0;
				MTL_ENABLE_DEBUG_INFO = NO;
				SDKROOT = iphoneos;
				TARGETED_DEVICE_FAMILY = "1,2";
				VALIDATE_PRODUCT = YES;
			};
			name = Release;
		};
		26172F771BD7E99500D7A91F /* Debug */ = {
			isa = XCBuildConfiguration;
			baseConfigurationReference = D939575020005725F17D2E0B /* Pods-HJAppHelper.debug.xcconfig */;
			buildSettings = {
				ASSETCATALOG_COMPILER_APPICON_NAME = AppIcon;
				DEVELOPMENT_TEAM = UH2N8K99U6;
				GCC_PRECOMPILE_PREFIX_HEADER = NO;
				GCC_PREFIX_HEADER = "$(SRCROOT)/HJAppHelper/Project/Tools/宏/PrefixHeader.pch";
				INFOPLIST_FILE = HJAppHelper/Info.plist;
				IPHONEOS_DEPLOYMENT_TARGET = 7.0;
				LD_RUNPATH_SEARCH_PATHS = "$(inherited) @executable_path/Frameworks";
				PRODUCT_BUNDLE_IDENTIFIER = hylapp.com.HJAppHelper;
				PRODUCT_NAME = "$(TARGET_NAME)";
			};
			name = Debug;
		};
		26172F781BD7E99500D7A91F /* Release */ = {
			isa = XCBuildConfiguration;
			baseConfigurationReference = E1798CC2AD0C18B02025F4EF /* Pods-HJAppHelper.release.xcconfig */;
			buildSettings = {
				ASSETCATALOG_COMPILER_APPICON_NAME = AppIcon;
				DEVELOPMENT_TEAM = UH2N8K99U6;
				GCC_PRECOMPILE_PREFIX_HEADER = NO;
				GCC_PREFIX_HEADER = "$(SRCROOT)/HJAppHelper/Project/Tools/宏/PrefixHeader.pch";
				INFOPLIST_FILE = HJAppHelper/Info.plist;
				IPHONEOS_DEPLOYMENT_TARGET = 7.0;
				LD_RUNPATH_SEARCH_PATHS = "$(inherited) @executable_path/Frameworks";
				PRODUCT_BUNDLE_IDENTIFIER = hylapp.com.HJAppHelper;
				PRODUCT_NAME = "$(TARGET_NAME)";
			};
			name = Release;
		};
		26172F7A1BD7E99500D7A91F /* Debug */ = {
			isa = XCBuildConfiguration;
			buildSettings = {
				BUNDLE_LOADER = "$(TEST_HOST)";
				INFOPLIST_FILE = HJAppHelperTests/Info.plist;
				LD_RUNPATH_SEARCH_PATHS = "$(inherited) @executable_path/Frameworks @loader_path/Frameworks";
				PRODUCT_BUNDLE_IDENTIFIER = hylapp.com.HJAppHelperTests;
				PRODUCT_NAME = "$(TARGET_NAME)";
				TEST_HOST = "$(BUILT_PRODUCTS_DIR)/HJAppHelper.app/HJAppHelper";
			};
			name = Debug;
		};
		26172F7B1BD7E99500D7A91F /* Release */ = {
			isa = XCBuildConfiguration;
			buildSettings = {
				BUNDLE_LOADER = "$(TEST_HOST)";
				INFOPLIST_FILE = HJAppHelperTests/Info.plist;
				LD_RUNPATH_SEARCH_PATHS = "$(inherited) @executable_path/Frameworks @loader_path/Frameworks";
				PRODUCT_BUNDLE_IDENTIFIER = hylapp.com.HJAppHelperTests;
				PRODUCT_NAME = "$(TARGET_NAME)";
				TEST_HOST = "$(BUILT_PRODUCTS_DIR)/HJAppHelper.app/HJAppHelper";
			};
			name = Release;
		};
		26172F7D1BD7E99500D7A91F /* Debug */ = {
			isa = XCBuildConfiguration;
			buildSettings = {
				INFOPLIST_FILE = HJAppHelperUITests/Info.plist;
				LD_RUNPATH_SEARCH_PATHS = "$(inherited) @executable_path/Frameworks @loader_path/Frameworks";
				PRODUCT_BUNDLE_IDENTIFIER = hylapp.com.HJAppHelperUITests;
				PRODUCT_NAME = "$(TARGET_NAME)";
				TEST_TARGET_NAME = HJAppHelper;
				USES_XCTRUNNER = YES;
			};
			name = Debug;
		};
		26172F7E1BD7E99500D7A91F /* Release */ = {
			isa = XCBuildConfiguration;
			buildSettings = {
				INFOPLIST_FILE = HJAppHelperUITests/Info.plist;
				LD_RUNPATH_SEARCH_PATHS = "$(inherited) @executable_path/Frameworks @loader_path/Frameworks";
				PRODUCT_BUNDLE_IDENTIFIER = hylapp.com.HJAppHelperUITests;
				PRODUCT_NAME = "$(TARGET_NAME)";
				TEST_TARGET_NAME = HJAppHelper;
				USES_XCTRUNNER = YES;
			};
			name = Release;
		};
/* End XCBuildConfiguration section */

/* Begin XCConfigurationList section */
		26172F441BD7E99500D7A91F /* Build configuration list for PBXProject "HJAppHelper" */ = {
			isa = XCConfigurationList;
			buildConfigurations = (
				26172F741BD7E99500D7A91F /* Debug */,
				26172F751BD7E99500D7A91F /* Release */,
			);
			defaultConfigurationIsVisible = 0;
			defaultConfigurationName = Release;
		};
		26172F761BD7E99500D7A91F /* Build configuration list for PBXNativeTarget "HJAppHelper" */ = {
			isa = XCConfigurationList;
			buildConfigurations = (
				26172F771BD7E99500D7A91F /* Debug */,
				26172F781BD7E99500D7A91F /* Release */,
			);
			defaultConfigurationIsVisible = 0;
			defaultConfigurationName = Release;
		};
		26172F791BD7E99500D7A91F /* Build configuration list for PBXNativeTarget "HJAppHelperTests" */ = {
			isa = XCConfigurationList;
			buildConfigurations = (
				26172F7A1BD7E99500D7A91F /* Debug */,
				26172F7B1BD7E99500D7A91F /* Release */,
			);
			defaultConfigurationIsVisible = 0;
			defaultConfigurationName = Release;
		};
		26172F7C1BD7E99500D7A91F /* Build configuration list for PBXNativeTarget "HJAppHelperUITests" */ = {
			isa = XCConfigurationList;
			buildConfigurations = (
				26172F7D1BD7E99500D7A91F /* Debug */,
				26172F7E1BD7E99500D7A91F /* Release */,
			);
			defaultConfigurationIsVisible = 0;
			defaultConfigurationName = Release;
		};
/* End XCConfigurationList section */
	};
	rootObject = 26172F411BD7E99500D7A91F /* Project object */;
}
